{
  "version": 4,
  "terraform_version": "1.5.5",
  "serial": 1,
  "lineage": "b91ec793-996b-efab-2c27-758783ec583c",
  "outputs": {},
  "resources": [
    {
      "mode": "managed",
      "type": "azurerm_network_security_rule",
      "name": "AllowLDAPsInboundWhitelist",
      "provider": "provider[\"registry.terraform.io/hashicorp/azurerm\"]",
      "instances": [
        {
          "schema_version": 0,
          "attributes": {
            "access": "Allow",
            "description": "",
            "destination_address_prefix": "",
            "destination_address_prefixes": [
              "10.11.11.5",
              "10.11.11.6"
            ],
            "destination_application_security_group_ids": [],
            "destination_port_range": "636",
            "destination_port_ranges": [],
            "direction": "Inbound",
            "id": "/subscriptions/22179b5a-92dc-4268-a5fb-7889d59f61ce/resourceGroups/IAM-PRD-RSG/providers/Microsoft.Network/networkSecurityGroups/IAM-PRD-NSG/securityRules/AllowLDAPsInboundWhitelist",
            "name": "AllowLDAPsInboundWhitelist",
            "network_security_group_name": "IAM-PRD-NSG",
            "priority": 1002,
            "protocol": "*",
            "resource_group_name": "IAM-PRD-RSG",
            "source_address_prefix": "",
            "source_address_prefixes": [
              "13.236.164.39",
              "168.63.129.16",
              "172.21.0.49",
              "212.91.244.2",
              "34.241.251.84",
              "34.248.252.181",
              "52.48.110.57",
              "52.48.92.0",
              "54.206.155.24",
              "85.239.123.201"
            ],
            "source_application_security_group_ids": [],
            "source_port_range": "*",
            "source_port_ranges": [],
            "timeouts": null
          },
          "sensitive_attributes": [],
          "private": "eyJlMmJmYjczMC1lY2FhLTExZTYtOGY4OC0zNDM2M2JjN2M0YzAiOnsiY3JlYXRlIjoxODAwMDAwMDAwMDAwLCJkZWxldGUiOjE4MDAwMDAwMDAwMDAsInJlYWQiOjMwMDAwMDAwMDAwMCwidXBkYXRlIjoxODAwMDAwMDAwMDAwfSwic2NoZW1hX3ZlcnNpb24iOiIwIn0="
        }
      ]
    }
  ],
  "check_results": null
}
