{
  "version": 4,
  "terraform_version": "1.5.5",
  "serial": 1,
  "lineage": "31477ceb-498e-d408-50ce-1746d495fb5b",
  "outputs": {},
  "resources": [
    {
      "mode": "managed",
      "type": "azurerm_network_security_rule",
      "name": "AllowLDAPsInboundWhitelist",
      "provider": "provider[\"registry.terraform.io/hashicorp/azurerm\"]",
      "instances": [
        {
          "schema_version": 0,
          "attributes": {
            "access": "Allow",
            "description": "Allow LDAP  (Home Lab) 46.114.180.35",
            "destination_address_prefix": "",
            "destination_address_prefixes": [
              "10.0.0.4",
              "10.0.0.5"
            ],
            "destination_application_security_group_ids": [],
            "destination_port_range": "",
            "destination_port_ranges": [
              "389",
              "7389"
            ],
            "direction": "Inbound",
            "id": "/subscriptions/22179b5a-92dc-4268-a5fb-7889d59f61ce/resourceGroups/IAM-STG-RSG/providers/Microsoft.Network/networkSecurityGroups/IAM-STG-NSG/securityRules/NSGRuleLDAP",
            "name": "NSGRuleLDAP",
            "network_security_group_name": "IAM-STG-NSG",
            "priority": 2010,
            "protocol": "*",
            "resource_group_name": "IAM-STG-RSG",
            "source_address_prefix": "",
            "source_address_prefixes": [
              "13.79.85.90",
              "20.238.65.61",
              "212.91.244.2",
              "34.254.60.147",
              "46.114.180.35",
              "52.48.92.0",
              "77.247.82.165",
              "85.239.123.201"
            ],
            "source_application_security_group_ids": [],
            "source_port_range": "*",
            "source_port_ranges": [],
            "timeouts": null
          },
          "sensitive_attributes": [],
          "private": "eyJlMmJmYjczMC1lY2FhLTExZTYtOGY4OC0zNDM2M2JjN2M0YzAiOnsiY3JlYXRlIjoxODAwMDAwMDAwMDAwLCJkZWxldGUiOjE4MDAwMDAwMDAwMDAsInJlYWQiOjMwMDAwMDAwMDAwMCwidXBkYXRlIjoxODAwMDAwMDAwMDAwfSwic2NoZW1hX3ZlcnNpb24iOiIwIn0="
        }
      ]
    }
  ],
  "check_results": null
}
