{
  "version": 4,
  "terraform_version": "1.2.5",
  "serial": 3,
  "lineage": "3c17c8d7-ef9e-eb45-c836-88c2cd95be21",
  "outputs": {
    "current_subscription_display_name": {
      "value": "Visual Studio Enterprise Subscription",
      "type": "string"
    },
    "group_principalID": {
      "value": "dbd250a5-fc70-46db-b1d0-74a1116f2397",
      "type": "string"
    }
  },
  "resources": [
    {
      "mode": "data",
      "type": "azuread_group",
      "name": "group1",
      "provider": "provider[\"registry.terraform.io/hashicorp/azuread\"]",
      "instances": [
        {
          "schema_version": 0,
          "attributes": {
            "assignable_to_role": true,
            "auto_subscribe_new_members": false,
            "behaviors": [],
            "description": "",
            "display_name": "GSOC-Analyst-1",
            "dynamic_membership": [],
            "external_senders_allowed": false,
            "hide_from_address_lists": false,
            "hide_from_outlook_clients": false,
            "id": "dbd250a5-fc70-46db-b1d0-74a1116f2397",
            "mail": "",
            "mail_enabled": false,
            "mail_nickname": "5655a0da-0",
            "members": [],
            "object_id": "dbd250a5-fc70-46db-b1d0-74a1116f2397",
            "onpremises_domain_name": "",
            "onpremises_netbios_name": "",
            "onpremises_sam_account_name": "",
            "onpremises_security_identifier": "",
            "onpremises_sync_enabled": false,
            "owners": [],
            "preferred_language": "",
            "provisioning_options": [],
            "proxy_addresses": [],
            "security_enabled": true,
            "theme": "",
            "timeouts": null,
            "types": [],
            "visibility": "Private"
          },
          "sensitive_attributes": []
        }
      ]
    },
    {
      "mode": "data",
      "type": "azurerm_client_config",
      "name": "example",
      "provider": "provider[\"registry.terraform.io/hashicorp/azurerm\"]",
      "instances": [
        {
          "schema_version": 0,
          "attributes": {
            "client_id": "61e4ebdc-cc3c-4f1b-a8c6-602a60eab3f6",
            "id": "2022-09-06 12:42:49.1341106 +0000 UTC",
            "object_id": "d87b2fd1-8128-45b1-ad82-36b1034ed68c",
            "subscription_id": "e379f32c-a85d-447f-8050-e9f496f305a0",
            "tenant_id": "a015f467-c5c4-4088-88cc-2f799e68eb96",
            "timeouts": null
          },
          "sensitive_attributes": []
        }
      ]
    },
    {
      "mode": "data",
      "type": "azurerm_subscription",
      "name": "current",
      "provider": "provider[\"registry.terraform.io/hashicorp/azurerm\"]",
      "instances": [
        {
          "schema_version": 0,
          "attributes": {
            "display_name": "Visual Studio Enterprise Subscription",
            "id": "/subscriptions/e379f32c-a85d-447f-8050-e9f496f305a0",
            "location_placement_id": "PublicAndIndia_2015-09-01",
            "quota_id": "MSDN_2014-09-01",
            "spending_limit": "On",
            "state": "Enabled",
            "subscription_id": "e379f32c-a85d-447f-8050-e9f496f305a0",
            "tags": {},
            "tenant_id": "a015f467-c5c4-4088-88cc-2f799e68eb96",
            "timeouts": null
          },
          "sensitive_attributes": []
        }
      ]
    },
    {
      "mode": "data",
      "type": "azurerm_subscription",
      "name": "primary",
      "provider": "provider[\"registry.terraform.io/hashicorp/azurerm\"]",
      "instances": [
        {
          "schema_version": 0,
          "attributes": {
            "display_name": "Visual Studio Enterprise Subscription",
            "id": "/subscriptions/e379f32c-a85d-447f-8050-e9f496f305a0",
            "location_placement_id": "PublicAndIndia_2015-09-01",
            "quota_id": "MSDN_2014-09-01",
            "spending_limit": "On",
            "state": "Enabled",
            "subscription_id": "e379f32c-a85d-447f-8050-e9f496f305a0",
            "tags": {},
            "tenant_id": "a015f467-c5c4-4088-88cc-2f799e68eb96",
            "timeouts": null
          },
          "sensitive_attributes": []
        }
      ]
    },
    {
      "mode": "managed",
      "type": "azurerm_role_assignment",
      "name": "example",
      "provider": "provider[\"registry.terraform.io/hashicorp/azurerm\"]",
      "instances": [
        {
          "schema_version": 0,
          "attributes": {
            "condition": "",
            "condition_version": "",
            "delegated_managed_identity_resource_id": "",
            "description": "",
            "id": "/subscriptions/e379f32c-a85d-447f-8050-e9f496f305a0/providers/Microsoft.Authorization/roleAssignments/a7c26954-7a76-3ef1-229b-82d2baf4d7cb",
            "name": "a7c26954-7a76-3ef1-229b-82d2baf4d7cb",
            "principal_id": "dbd250a5-fc70-46db-b1d0-74a1116f2397",
            "principal_type": "Group",
            "role_definition_id": "/subscriptions/e379f32c-a85d-447f-8050-e9f496f305a0/providers/Microsoft.Authorization/roleDefinitions/cfd33db0-3dd1-45e3-aa9d-cdbdf3b6f24e",
            "role_definition_name": "Support Request Contributor",
            "scope": "/subscriptions/e379f32c-a85d-447f-8050-e9f496f305a0",
            "skip_service_principal_aad_check": null,
            "timeouts": null
          },
          "sensitive_attributes": [],
          "private": "eyJlMmJmYjczMC1lY2FhLTExZTYtOGY4OC0zNDM2M2JjN2M0YzAiOnsiY3JlYXRlIjoxODAwMDAwMDAwMDAwLCJkZWxldGUiOjE4MDAwMDAwMDAwMDAsInJlYWQiOjMwMDAwMDAwMDAwMCwidXBkYXRlIjoxODAwMDAwMDAwMDAwfX0=",
          "dependencies": [
            "data.azuread_group.group1",
            "data.azurerm_subscription.primary"
          ]
        }
      ]
    }
  ]
}
